
Microsoft Visual Studio Solution File, Format Version 12.00
# Visual Studio Version 17
VisualStudioVersion = 17.7.34018.315
MinimumVisualStudioVersion = 10.0.40219.1
Project("{FAE04EC0-301F-11D3-BF4B-00C04F79EFBC}") = "BulkyWeb", "BulkyWeb\BulkyWeb.csproj", "{AAE08625-D07B-43BC-A68B-AF300A308DC0}"
EndProject
Global
	GlobalSection(SolutionConfigurationPlatforms) = preSolution
		Debug|Any CPU = Debug|Any CPU
		Release|Any CPU = Release|Any CPU
	EndGlobalSection
	GlobalSection(ProjectConfigurationPlatforms) = postSolution
		{AAE08625-D07B-43BC-A68B-AF300A308DC0}.Debug|Any CPU.ActiveCfg = Debug|Any CPU
		{AAE08625-D07B-43BC-A68B-AF300A308DC0}.Debug|Any CPU.Build.0 = Debug|Any CPU
		{AAE08625-D07B-43BC-A68B-AF300A308DC0}.Release|Any CPU.ActiveCfg = Release|Any CPU
		{AAE08625-D07B-43BC-A68B-AF300A308DC0}.Release|Any CPU.Build.0 = Release|Any CPU
	EndGlobalSection
	GlobalSection(SolutionProperties) = preSolution
		HideSolutionNode = FALSE
	EndGlobalSection
	GlobalSection(ExtensibilityGlobals) = postSolution
		SolutionGuid = {F6CC5037-B14B-4BFA-8179-E9B40AA9B938}
	EndGlobalSection
EndGlobal
